// !$*UTF8*$!
{
	archiveVersion = 1;
	classes = {
	};
	objectVersion = 48;
	objects = {

/* Begin PBXBuildFile section */
		31E130DB225C64B2009657D8 /* GeoCoder.swift in Sources */ = {isa = PBXBuildFile; fileRef = 31E130DA225C64B2009657D8 /* GeoCoder.swift */; };
		31ED836E225BF9A7008F2399 /* AppDelegate.swift in Sources */ = {isa = PBXBuildFile; fileRef = 31ED836D225BF9A7008F2399 /* AppDelegate.swift */; };
		31ED8375225BF9A7008F2399 /* Main.storyboard in Resources */ = {isa = PBXBuildFile; fileRef = 31ED8373225BF9A7008F2399 /* Main.storyboard */; };
		31ED8377225BF9A7008F2399 /* Assets.xcassets in Resources */ = {isa = PBXBuildFile; fileRef = 31ED8376225BF9A7008F2399 /* Assets.xcassets */; };
		31ED837A225BF9A7008F2399 /* LaunchScreen.storyboard in Resources */ = {isa = PBXBuildFile; fileRef = 31ED8378225BF9A7008F2399 /* LaunchScreen.storyboard */; };
		31ED8385225BF9A7008F2399 /* TravelWishListAppTests.swift in Sources */ = {isa = PBXBuildFile; fileRef = 31ED8384225BF9A7008F2399 /* TravelWishListAppTests.swift */; };
		31ED8390225BF9A7008F2399 /* TravelWishListAppUITests.swift in Sources */ = {isa = PBXBuildFile; fileRef = 31ED838F225BF9A7008F2399 /* TravelWishListAppUITests.swift */; };
		31ED839F225BFA6D008F2399 /* MapKit.framework in Frameworks */ = {isa = PBXBuildFile; fileRef = 31ED839E225BFA6D008F2399 /* MapKit.framework */; };
		31ED83A3225BFEFE008F2399 /* MapViewController.swift in Sources */ = {isa = PBXBuildFile; fileRef = 31ED83A2225BFEFE008F2399 /* MapViewController.swift */; };
		31ED83A5225C04C9008F2399 /* TableViewController.swift in Sources */ = {isa = PBXBuildFile; fileRef = 31ED83A4225C04C9008F2399 /* TableViewController.swift */; };
		31ED83A7225C2CFB008F2399 /* PlaceList.swift in Sources */ = {isa = PBXBuildFile; fileRef = 31ED83A6225C2CFB008F2399 /* PlaceList.swift */; };
		31ED83A9225C2D43008F2399 /* Place.swift in Sources */ = {isa = PBXBuildFile; fileRef = 31ED83A8225C2D43008F2399 /* Place.swift */; };
/* End PBXBuildFile section */

/* Begin PBXContainerItemProxy section */
		31ED8381225BF9A7008F2399 /* PBXContainerItemProxy */ = {
			isa = PBXContainerItemProxy;
			containerPortal = 31ED8362225BF9A7008F2399 /* Project object */;
			proxyType = 1;
			remoteGlobalIDString = 31ED8369225BF9A7008F2399;
			remoteInfo = TravelWishListApp;
		};
		31ED838C225BF9A7008F2399 /* PBXContainerItemProxy */ = {
			isa = PBXContainerItemProxy;
			containerPortal = 31ED8362225BF9A7008F2399 /* Project object */;
			proxyType = 1;
			remoteGlobalIDString = 31ED8369225BF9A7008F2399;
			remoteInfo = TravelWishListApp;
		};
/* End PBXContainerItemProxy section */

/* Begin PBXFileReference section */
		31E130DA225C64B2009657D8 /* GeoCoder.swift */ = {isa = PBXFileReference; lastKnownFileType = sourcecode.swift; path = GeoCoder.swift; sourceTree = "<group>"; };
		31ED836A225BF9A7008F2399 /* TravelWishListApp.app */ = {isa = PBXFileReference; explicitFileType = wrapper.application; includeInIndex = 0; path = TravelWishListApp.app; sourceTree = BUILT_PRODUCTS_DIR; };
		31ED836D225BF9A7008F2399 /* AppDelegate.swift */ = {isa = PBXFileReference; lastKnownFileType = sourcecode.swift; path = AppDelegate.swift; sourceTree = "<group>"; };
		31ED8374225BF9A7008F2399 /* Base */ = {isa = PBXFileReference; lastKnownFileType = file.storyboard; name = Base; path = Base.lproj/Main.storyboard; sourceTree = "<group>"; };
		31ED8376225BF9A7008F2399 /* Assets.xcassets */ = {isa = PBXFileReference; lastKnownFileType = folder.assetcatalog; path = Assets.xcassets; sourceTree = "<group>"; };
		31ED8379225BF9A7008F2399 /* Base */ = {isa = PBXFileReference; lastKnownFileType = file.storyboard; name = Base; path = Base.lproj/LaunchScreen.storyboard; sourceTree = "<group>"; };
		31ED837B225BF9A7008F2399 /* Info.plist */ = {isa = PBXFileReference; lastKnownFileType = text.plist.xml; path = Info.plist; sourceTree = "<group>"; };
		31ED8380225BF9A7008F2399 /* TravelWishListAppTests.xctest */ = {isa = PBXFileReference; explicitFileType = wrapper.cfbundle; includeInIndex = 0; path = TravelWishListAppTests.xctest; sourceTree = BUILT_PRODUCTS_DIR; };
		31ED8384225BF9A7008F2399 /* TravelWishListAppTests.swift */ = {isa = PBXFileReference; lastKnownFileType = sourcecode.swift; path = TravelWishListAppTests.swift; sourceTree = "<group>"; };
		31ED8386225BF9A7008F2399 /* Info.plist */ = {isa = PBXFileReference; lastKnownFileType = text.plist.xml; path = Info.plist; sourceTree = "<group>"; };
		31ED838B225BF9A7008F2399 /* TravelWishListAppUITests.xctest */ = {isa = PBXFileReference; explicitFileType = wrapper.cfbundle; includeInIndex = 0; path = TravelWishListAppUITests.xctest; sourceTree = BUILT_PRODUCTS_DIR; };
		31ED838F225BF9A7008F2399 /* TravelWishListAppUITests.swift */ = {isa = PBXFileReference; lastKnownFileType = sourcecode.swift; path = TravelWishListAppUITests.swift; sourceTree = "<group>"; };
		31ED8391225BF9A7008F2399 /* Info.plist */ = {isa = PBXFileReference; lastKnownFileType = text.plist.xml; path = Info.plist; sourceTree = "<group>"; };
		31ED839E225BFA6D008F2399 /* MapKit.framework */ = {isa = PBXFileReference; lastKnownFileType = wrapper.framework; name = MapKit.framework; path = System/Library/Frameworks/MapKit.framework; sourceTree = SDKROOT; };
		31ED83A2225BFEFE008F2399 /* MapViewController.swift */ = {isa = PBXFileReference; lastKnownFileType = sourcecode.swift; path = MapViewController.swift; sourceTree = "<group>"; };
		31ED83A4225C04C9008F2399 /* TableViewController.swift */ = {isa = PBXFileReference; lastKnownFileType = sourcecode.swift; path = TableViewController.swift; sourceTree = "<group>"; };
		31ED83A6225C2CFB008F2399 /* PlaceList.swift */ = {isa = PBXFileReference; lastKnownFileType = sourcecode.swift; path = PlaceList.swift; sourceTree = "<group>"; };
		31ED83A8225C2D43008F2399 /* Place.swift */ = {isa = PBXFileReference; lastKnownFileType = sourcecode.swift; path = Place.swift; sourceTree = "<group>"; };
/* End PBXFileReference section */

/* Begin PBXFrameworksBuildPhase section */
		31ED8367225BF9A7008F2399 /* Frameworks */ = {
			isa = PBXFrameworksBuildPhase;
			buildActionMask = 2147483647;
			files = (
				31ED839F225BFA6D008F2399 /* MapKit.framework in Frameworks */,
			);
			runOnlyForDeploymentPostprocessing = 0;
		};
		31ED837D225BF9A7008F2399 /* Frameworks */ = {
			isa = PBXFrameworksBuildPhase;
			buildActionMask = 2147483647;
			files = (
			);
			runOnlyForDeploymentPostprocessing = 0;
		};
		31ED8388225BF9A7008F2399 /* Frameworks */ = {
			isa = PBXFrameworksBuildPhase;
			buildActionMask = 2147483647;
			files = (
			);
			runOnlyForDeploymentPostprocessing = 0;
		};
/* End PBXFrameworksBuildPhase section */

/* Begin PBXGroup section */
		31ED8361225BF9A7008F2399 = {
			isa = PBXGroup;
			children = (
				31ED836C225BF9A7008F2399 /* TravelWishListApp */,
				31ED8383225BF9A7008F2399 /* TravelWishListAppTests */,
				31ED838E225BF9A7008F2399 /* TravelWishListAppUITests */,
				31ED836B225BF9A7008F2399 /* Products */,
				31ED839D225BFA6D008F2399 /* Frameworks */,
			);
			sourceTree = "<group>";
		};
		31ED836B225BF9A7008F2399 /* Products */ = {
			isa = PBXGroup;
			children = (
				31ED836A225BF9A7008F2399 /* TravelWishListApp.app */,
				31ED8380225BF9A7008F2399 /* TravelWishListAppTests.xctest */,
				31ED838B225BF9A7008F2399 /* TravelWishListAppUITests.xctest */,
			);
			name = Products;
			sourceTree = "<group>";
		};
		31ED836C225BF9A7008F2399 /* TravelWishListApp */ = {
			isa = PBXGroup;
			children = (
				31ED83A2225BFEFE008F2399 /* MapViewController.swift */,
				31ED836D225BF9A7008F2399 /* AppDelegate.swift */,
				31ED8373225BF9A7008F2399 /* Main.storyboard */,
				31ED83A4225C04C9008F2399 /* TableViewController.swift */,
				31ED8376225BF9A7008F2399 /* Assets.xcassets */,
				31ED8378225BF9A7008F2399 /* LaunchScreen.storyboard */,
				31ED837B225BF9A7008F2399 /* Info.plist */,
				31ED83A6225C2CFB008F2399 /* PlaceList.swift */,
				31ED83A8225C2D43008F2399 /* Place.swift */,
				31E130DA225C64B2009657D8 /* GeoCoder.swift */,
			);
			path = TravelWishListApp;
			sourceTree = "<group>";
		};
		31ED8383225BF9A7008F2399 /* TravelWishListAppTests */ = {
			isa = PBXGroup;
			children = (
				31ED8384225BF9A7008F2399 /* TravelWishListAppTests.swift */,
				31ED8386225BF9A7008F2399 /* Info.plist */,
			);
			path = TravelWishListAppTests;
			sourceTree = "<group>";
		};
		31ED838E225BF9A7008F2399 /* TravelWishListAppUITests */ = {
			isa = PBXGroup;
			children = (
				31ED838F225BF9A7008F2399 /* TravelWishListAppUITests.swift */,
				31ED8391225BF9A7008F2399 /* Info.plist */,
			);
			path = TravelWishListAppUITests;
			sourceTree = "<group>";
		};
		31ED839D225BFA6D008F2399 /* Frameworks */ = {
			isa = PBXGroup;
			children = (
				31ED839E225BFA6D008F2399 /* MapKit.framework */,
			);
			name = Frameworks;
			sourceTree = "<group>";
		};
/* End PBXGroup section */

/* Begin PBXNativeTarget section */
		31ED8369225BF9A7008F2399 /* TravelWishListApp */ = {
			isa = PBXNativeTarget;
			buildConfigurationList = 31ED8394225BF9A7008F2399 /* Build configuration list for PBXNativeTarget "TravelWishListApp" */;
			buildPhases = (
				31ED8366225BF9A7008F2399 /* Sources */,
				31ED8367225BF9A7008F2399 /* Frameworks */,
				31ED8368225BF9A7008F2399 /* Resources */,
			);
			buildRules = (
			);
			dependencies = (
			);
			name = TravelWishListApp;
			productName = TravelWishListApp;
			productReference = 31ED836A225BF9A7008F2399 /* TravelWishListApp.app */;
			productType = "com.apple.product-type.application";
		};
		31ED837F225BF9A7008F2399 /* TravelWishListAppTests */ = {
			isa = PBXNativeTarget;
			buildConfigurationList = 31ED8397225BF9A7008F2399 /* Build configuration list for PBXNativeTarget "TravelWishListAppTests" */;
			buildPhases = (
				31ED837C225BF9A7008F2399 /* Sources */,
				31ED837D225BF9A7008F2399 /* Frameworks */,
				31ED837E225BF9A7008F2399 /* Resources */,
			);
			buildRules = (
			);
			dependencies = (
				31ED8382225BF9A7008F2399 /* PBXTargetDependency */,
			);
			name = TravelWishListAppTests;
			productName = TravelWishListAppTests;
			productReference = 31ED8380225BF9A7008F2399 /* TravelWishListAppTests.xctest */;
			productType = "com.apple.product-type.bundle.unit-test";
		};
		31ED838A225BF9A7008F2399 /* TravelWishListAppUITests */ = {
			isa = PBXNativeTarget;
			buildConfigurationList = 31ED839A225BF9A7008F2399 /* Build configuration list for PBXNativeTarget "TravelWishListAppUITests" */;
			buildPhases = (
				31ED8387225BF9A7008F2399 /* Sources */,
				31ED8388225BF9A7008F2399 /* Frameworks */,
				31ED8389225BF9A7008F2399 /* Resources */,
			);
			buildRules = (
			);
			dependencies = (
				31ED838D225BF9A7008F2399 /* PBXTargetDependency */,
			);
			name = TravelWishListAppUITests;
			productName = TravelWishListAppUITests;
			productReference = 31ED838B225BF9A7008F2399 /* TravelWishListAppUITests.xctest */;
			productType = "com.apple.product-type.bundle.ui-testing";
		};
/* End PBXNativeTarget section */

/* Begin PBXProject section */
		31ED8362225BF9A7008F2399 /* Project object */ = {
			isa = PBXProject;
			attributes = {
				LastSwiftUpdateCheck = 0920;
				LastUpgradeCheck = 0920;
				ORGANIZATIONNAME = AJMac;
				TargetAttributes = {
					31ED8369225BF9A7008F2399 = {
						CreatedOnToolsVersion = 9.2;
						ProvisioningStyle = Automatic;
					};
					31ED837F225BF9A7008F2399 = {
						CreatedOnToolsVersion = 9.2;
						ProvisioningStyle = Automatic;
						TestTargetID = 31ED8369225BF9A7008F2399;
					};
					31ED838A225BF9A7008F2399 = {
						CreatedOnToolsVersion = 9.2;
						ProvisioningStyle = Automatic;
						TestTargetID = 31ED8369225BF9A7008F2399;
					};
				};
			};
			buildConfigurationList = 31ED8365225BF9A7008F2399 /* Build configuration list for PBXProject "TravelWishListApp" */;
			compatibilityVersion = "Xcode 8.0";
			developmentRegion = en;
			hasScannedForEncodings = 0;
			knownRegions = (
				en,
				Base,
			);
			mainGroup = 31ED8361225BF9A7008F2399;
			productRefGroup = 31ED836B225BF9A7008F2399 /* Products */;
			projectDirPath = "";
			projectRoot = "";
			targets = (
				31ED8369225BF9A7008F2399 /* TravelWishListApp */,
				31ED837F225BF9A7008F2399 /* TravelWishListAppTests */,
				31ED838A225BF9A7008F2399 /* TravelWishListAppUITests */,
			);
		};
/* End PBXProject section */

/* Begin PBXResourcesBuildPhase section */
		31ED8368225BF9A7008F2399 /* Resources */ = {
			isa = PBXResourcesBuildPhase;
			buildActionMask = 2147483647;
			files = (
				31ED837A225BF9A7008F2399 /* LaunchScreen.storyboard in Resources */,
				31ED8377225BF9A7008F2399 /* Assets.xcassets in Resources */,
				31ED8375225BF9A7008F2399 /* Main.storyboard in Resources */,
			);
			runOnlyForDeploymentPostprocessing = 0;
		};
		31ED837E225BF9A7008F2399 /* Resources */ = {
			isa = PBXResourcesBuildPhase;
			buildActionMask = 2147483647;
			files = (
			);
			runOnlyForDeploymentPostprocessing = 0;
		};
		31ED8389225BF9A7008F2399 /* Resources */ = {
			isa = PBXResourcesBuildPhase;
			buildActionMask = 2147483647;
			files = (
			);
			runOnlyForDeploymentPostprocessing = 0;
		};
/* End PBXResourcesBuildPhase section */

/* Begin PBXSourcesBuildPhase section */
		31ED8366225BF9A7008F2399 /* Sources */ = {
			isa = PBXSourcesBuildPhase;
			buildActionMask = 2147483647;
			files = (
				31ED836E225BF9A7008F2399 /* AppDelegate.swift in Sources */,
				31ED83A5225C04C9008F2399 /* TableViewController.swift in Sources */,
				31ED83A3225BFEFE008F2399 /* MapViewController.swift in Sources */,
				31ED83A7225C2CFB008F2399 /* PlaceList.swift in Sources */,
				31ED83A9225C2D43008F2399 /* Place.swift in Sources */,
				31E130DB225C64B2009657D8 /* GeoCoder.swift in Sources */,
			);
			runOnlyForDeploymentPostprocessing = 0;
		};
		31ED837C225BF9A7008F2399 /* Sources */ = {
			isa = PBXSourcesBuildPhase;
			buildActionMask = 2147483647;
			files = (
				31ED8385225BF9A7008F2399 /* TravelWishListAppTests.swift in Sources */,
			);
			runOnlyForDeploymentPostprocessing = 0;
		};
		31ED8387225BF9A7008F2399 /* Sources */ = {
			isa = PBXSourcesBuildPhase;
			buildActionMask = 2147483647;
			files = (
				31ED8390225BF9A7008F2399 /* TravelWishListAppUITests.swift in Sources */,
			);
			runOnlyForDeploymentPostprocessing = 0;
		};
/* End PBXSourcesBuildPhase section */

/* Begin PBXTargetDependency section */
		31ED8382225BF9A7008F2399 /* PBXTargetDependency */ = {
			isa = PBXTargetDependency;
			target = 31ED8369225BF9A7008F2399 /* TravelWishListApp */;
			targetProxy = 31ED8381225BF9A7008F2399 /* PBXContainerItemProxy */;
		};
		31ED838D225BF9A7008F2399 /* PBXTargetDependency */ = {
			isa = PBXTargetDependency;
			target = 31ED8369225BF9A7008F2399 /* TravelWishListApp */;
			targetProxy = 31ED838C225BF9A7008F2399 /* PBXContainerItemProxy */;
		};
/* End PBXTargetDependency section */

/* Begin PBXVariantGroup section */
		31ED8373225BF9A7008F2399 /* Main.storyboard */ = {
			isa = PBXVariantGroup;
			children = (
				31ED8374225BF9A7008F2399 /* Base */,
			);
			name = Main.storyboard;
			sourceTree = "<group>";
		};
		31ED8378225BF9A7008F2399 /* LaunchScreen.storyboard */ = {
			isa = PBXVariantGroup;
			children = (
				31ED8379225BF9A7008F2399 /* Base */,
			);
			name = LaunchScreen.storyboard;
			sourceTree = "<group>";
		};
/* End PBXVariantGroup section */

/* Begin XCBuildConfiguration section */
		31ED8392225BF9A7008F2399 /* Debug */ = {
			isa = XCBuildConfiguration;
			buildSettings = {
				ALWAYS_SEARCH_USER_PATHS = NO;
				CLANG_ANALYZER_NONNULL = YES;
				CLANG_ANALYZER_NUMBER_OBJECT_CONVERSION = YES_AGGRESSIVE;
				CLANG_CXX_LANGUAGE_STANDARD = "gnu++14";
				CLANG_CXX_LIBRARY = "libc++";
				CLANG_ENABLE_MODULES = YES;
				CLANG_ENABLE_OBJC_ARC = YES;
				CLANG_WARN_BLOCK_CAPTURE_AUTORELEASING = YES;
				CLANG_WARN_BOOL_CONVERSION = YES;
				CLANG_WARN_COMMA = YES;
				CLANG_WARN_CONSTANT_CONVERSION = YES;
				CLANG_WARN_DIRECT_OBJC_ISA_USAGE = YES_ERROR;
				CLANG_WARN_DOCUMENTATION_COMMENTS = YES;
				CLANG_WARN_EMPTY_BODY = YES;
				CLANG_WARN_ENUM_CONVERSION = YES;
				CLANG_WARN_INFINITE_RECURSION = YES;
				CLANG_WARN_INT_CONVERSION = YES;
				CLANG_WARN_NON_LITERAL_NULL_CONVERSION = YES;
				CLANG_WARN_OBJC_LITERAL_CONVERSION = YES;
				CLANG_WARN_OBJC_ROOT_CLASS = YES_ERROR;
				CLANG_WARN_RANGE_LOOP_ANALYSIS = YES;
				CLANG_WARN_STRICT_PROTOTYPES = YES;
				CLANG_WARN_SUSPICIOUS_MOVE = YES;
				CLANG_WARN_UNGUARDED_AVAILABILITY = YES_AGGRESSIVE;
				CLANG_WARN_UNREACHABLE_CODE = YES;
				CLANG_WARN__DUPLICATE_METHOD_MATCH = YES;
				CODE_SIGN_IDENTITY = "iPhone Developer";
				COPY_PHASE_STRIP = NO;
				DEBUG_INFORMATION_FORMAT = dwarf;
				ENABLE_STRICT_OBJC_MSGSEND = YES;
				ENABLE_TESTABILITY = YES;
				GCC_C_LANGUAGE_STANDARD = gnu11;
				GCC_DYNAMIC_NO_PIC = NO;
				GCC_NO_COMMON_BLOCKS = YES;
				GCC_OPTIMIZATION_LEVEL = 0;
				GCC_PREPROCESSOR_DEFINITIONS = (
					"DEBUG=1",
					"$(inherited)",
				);
				GCC_WARN_64_TO_32_BIT_CONVERSION = YES;
				GCC_WARN_ABOUT_RETURN_TYPE = YES_ERROR;
				GCC_WARN_UNDECLARED_SELECTOR = YES;
				GCC_WARN_UNINITIALIZED_AUTOS = YES_AGGRESSIVE;
				GCC_WARN_UNUSED_FUNCTION = YES;
				GCC_WARN_UNUSED_VARIABLE = YES;
				IPHONEOS_DEPLOYMENT_TARGET = 11.2;
				MTL_ENABLE_DEBUG_INFO = YES;
				ONLY_ACTIVE_ARCH = YES;
				SDKROOT = iphoneos;
				SWIFT_ACTIVE_COMPILATION_CONDITIONS = DEBUG;
				SWIFT_OPTIMIZATION_LEVEL = "-Onone";
			};
			name = Debug;
		};
		31ED8393225BF9A7008F2399 /* Release */ = {
			isa = XCBuildConfiguration;
			buildSettings = {
				ALWAYS_SEARCH_USER_PATHS = NO;
				CLANG_ANALYZER_NONNULL = YES;
				CLANG_ANALYZER_NUMBER_OBJECT_CONVERSION = YES_AGGRESSIVE;
				CLANG_CXX_LANGUAGE_STANDARD = "gnu++14";
				CLANG_CXX_LIBRARY = "libc++";
				CLANG_ENABLE_MODULES = YES;
				CLANG_ENABLE_OBJC_ARC = YES;
				CLANG_WARN_BLOCK_CAPTURE_AUTORELEASING = YES;
				CLANG_WARN_BOOL_CONVERSION = YES;
				CLANG_WARN_COMMA = YES;
				CLANG_WARN_CONSTANT_CONVERSION = YES;
				CLANG_WARN_DIRECT_OBJC_ISA_USAGE = YES_ERROR;
				CLANG_WARN_DOCUMENTATION_COMMENTS = YES;
				CLANG_WARN_EMPTY_BODY = YES;
				CLANG_WARN_ENUM_CONVERSION = YES;
				CLANG_WARN_INFINITE_RECURSION = YES;
				CLANG_WARN_INT_CONVERSION = YES;
				CLANG_WARN_NON_LITERAL_NULL_CONVERSION = YES;
				CLANG_WARN_OBJC_LITERAL_CONVERSION = YES;
				CLANG_WARN_OBJC_ROOT_CLASS = YES_ERROR;
				CLANG_WARN_RANGE_LOOP_ANALYSIS = YES;
				CLANG_WARN_STRICT_PROTOTYPES = YES;
				CLANG_WARN_SUSPICIOUS_MOVE = YES;
				CLANG_WARN_UNGUARDED_AVAILABILITY = YES_AGGRESSIVE;
				CLANG_WARN_UNREACHABLE_CODE = YES;
				CLANG_WARN__DUPLICATE_METHOD_MATCH = YES;
				CODE_SIGN_IDENTITY = "iPhone Developer";
				COPY_PHASE_STRIP = NO;
				DEBUG_INFORMATION_FORMAT = "dwarf-with-dsym";
				ENABLE_NS_ASSERTIONS = NO;
				ENABLE_STRICT_OBJC_MSGSEND = YES;
				GCC_C_LANGUAGE_STANDARD = gnu11;
				GCC_NO_COMMON_BLOCKS = YES;
				GCC_WARN_64_TO_32_BIT_CONVERSION = YES;
				GCC_WARN_ABOUT_RETURN_TYPE = YES_ERROR;
				GCC_WARN_UNDECLARED_SELECTOR = YES;
				GCC_WARN_UNINITIALIZED_AUTOS = YES_AGGRESSIVE;
				GCC_WARN_UNUSED_FUNCTION = YES;
				GCC_WARN_UNUSED_VARIABLE = YES;
				IPHONEOS_DEPLOYMENT_TARGET = 11.2;
				MTL_ENABLE_DEBUG_INFO = NO;
				SDKROOT = iphoneos;
				SWIFT_OPTIMIZATION_LEVEL = "-Owholemodule";
				VALIDATE_PRODUCT = YES;
			};
			name = Release;
		};
		31ED8395225BF9A7008F2399 /* Debug */ = {
			isa = XCBuildConfiguration;
			buildSettings = {
				ASSETCATALOG_COMPILER_APPICON_NAME = AppIcon;
				CODE_SIGN_STYLE = Automatic;
				INFOPLIST_FILE = TravelWishListApp/Info.plist;
				LD_RUNPATH_SEARCH_PATHS = "$(inherited) @executable_path/Frameworks";
				PRODUCT_BUNDLE_IDENTIFIER = com.ajmac.TravelWishListApp;
				PRODUCT_NAME = "$(TARGET_NAME)";
				SWIFT_VERSION = 4.0;
				TARGETED_DEVICE_FAMILY = "1,2";
			};
			name = Debug;
		};
		31ED8396225BF9A7008F2399 /* Release */ = {
			isa = XCBuildConfiguration;
			buildSettings = {
				ASSETCATALOG_COMPILER_APPICON_NAME = AppIcon;
				CODE_SIGN_STYLE = Automatic;
				INFOPLIST_FILE = TravelWishListApp/Info.plist;
				LD_RUNPATH_SEARCH_PATHS = "$(inherited) @executable_path/Frameworks";
				PRODUCT_BUNDLE_IDENTIFIER = com.ajmac.TravelWishListApp;
				PRODUCT_NAME = "$(TARGET_NAME)";
				SWIFT_VERSION = 4.0;
				TARGETED_DEVICE_FAMILY = "1,2";
			};
			name = Release;
		};
		31ED8398225BF9A7008F2399 /* Debug */ = {
			isa = XCBuildConfiguration;
			buildSettings = {
				ALWAYS_EMBED_SWIFT_STANDARD_LIBRARIES = YES;
				BUNDLE_LOADER = "$(TEST_HOST)";
				CODE_SIGN_STYLE = Automatic;
				INFOPLIST_FILE = TravelWishListAppTests/Info.plist;
				LD_RUNPATH_SEARCH_PATHS = "$(inherited) @executable_path/Frameworks @loader_path/Frameworks";
				PRODUCT_BUNDLE_IDENTIFIER = com.ajmac.TravelWishListAppTests;
				PRODUCT_NAME = "$(TARGET_NAME)";
				SWIFT_VERSION = 4.0;
				TARGETED_DEVICE_FAMILY = "1,2";
				TEST_HOST = "$(BUILT_PRODUCTS_DIR)/TravelWishListApp.app/TravelWishListApp";
			};
			name = Debug;
		};
		31ED8399225BF9A7008F2399 /* Release */ = {
			isa = XCBuildConfiguration;
			buildSettings = {
				ALWAYS_EMBED_SWIFT_STANDARD_LIBRARIES = YES;
				BUNDLE_LOADER = "$(TEST_HOST)";
				CODE_SIGN_STYLE = Automatic;
				INFOPLIST_FILE = TravelWishListAppTests/Info.plist;
				LD_RUNPATH_SEARCH_PATHS = "$(inherited) @executable_path/Frameworks @loader_path/Frameworks";
				PRODUCT_BUNDLE_IDENTIFIER = com.ajmac.TravelWishListAppTests;
				PRODUCT_NAME = "$(TARGET_NAME)";
				SWIFT_VERSION = 4.0;
				TARGETED_DEVICE_FAMILY = "1,2";
				TEST_HOST = "$(BUILT_PRODUCTS_DIR)/TravelWishListApp.app/TravelWishListApp";
			};
			name = Release;
		};
		31ED839B225BF9A7008F2399 /* Debug */ = {
			isa = XCBuildConfiguration;
			buildSettings = {
				ALWAYS_EMBED_SWIFT_STANDARD_LIBRARIES = YES;
				CODE_SIGN_STYLE = Automatic;
				INFOPLIST_FILE = TravelWishListAppUITests/Info.plist;
				LD_RUNPATH_SEARCH_PATHS = "$(inherited) @executable_path/Frameworks @loader_path/Frameworks";
				PRODUCT_BUNDLE_IDENTIFIER = com.ajmac.TravelWishListAppUITests;
				PRODUCT_NAME = "$(TARGET_NAME)";
				SWIFT_VERSION = 4.0;
				TARGETED_DEVICE_FAMILY = "1,2";
				TEST_TARGET_NAME = TravelWishListApp;
			};
			name = Debug;
		};
		31ED839C225BF9A7008F2399 /* Release */ = {
			isa = XCBuildConfiguration;
			buildSettings = {
				ALWAYS_EMBED_SWIFT_STANDARD_LIBRARIES = YES;
				CODE_SIGN_STYLE = Automatic;
				INFOPLIST_FILE = TravelWishListAppUITests/Info.plist;
				LD_RUNPATH_SEARCH_PATHS = "$(inherited) @executable_path/Frameworks @loader_path/Frameworks";
				PRODUCT_BUNDLE_IDENTIFIER = com.ajmac.TravelWishListAppUITests;
				PRODUCT_NAME = "$(TARGET_NAME)";
				SWIFT_VERSION = 4.0;
				TARGETED_DEVICE_FAMILY = "1,2";
				TEST_TARGET_NAME = TravelWishListApp;
			};
			name = Release;
		};
/* End XCBuildConfiguration section */

/* Begin XCConfigurationList section */
		31ED8365225BF9A7008F2399 /* Build configuration list for PBXProject "TravelWishListApp" */ = {
			isa = XCConfigurationList;
			buildConfigurations = (
				31ED8392225BF9A7008F2399 /* Debug */,
				31ED8393225BF9A7008F2399 /* Release */,
			);
			defaultConfigurationIsVisible = 0;
			defaultConfigurationName = Release;
		};
		31ED8394225BF9A7008F2399 /* Build configuration list for PBXNativeTarget "TravelWishListApp" */ = {
			isa = XCConfigurationList;
			buildConfigurations = (
				31ED8395225BF9A7008F2399 /* Debug */,
				31ED8396225BF9A7008F2399 /* Release */,
			);
			defaultConfigurationIsVisible = 0;
			defaultConfigurationName = Release;
		};
		31ED8397225BF9A7008F2399 /* Build configuration list for PBXNativeTarget "TravelWishListAppTests" */ = {
			isa = XCConfigurationList;
			buildConfigurations = (
				31ED8398225BF9A7008F2399 /* Debug */,
				31ED8399225BF9A7008F2399 /* Release */,
			);
			defaultConfigurationIsVisible = 0;
			defaultConfigurationName = Release;
		};
		31ED839A225BF9A7008F2399 /* Build configuration list for PBXNativeTarget "TravelWishListAppUITests" */ = {
			isa = XCConfigurationList;
			buildConfigurations = (
				31ED839B225BF9A7008F2399 /* Debug */,
				31ED839C225BF9A7008F2399 /* Release */,
			);
			defaultConfigurationIsVisible = 0;
			defaultConfigurationName = Release;
		};
/* End XCConfigurationList section */
	};
	rootObject = 31ED8362225BF9A7008F2399 /* Project object */;
}
